// !$*UTF8*$!
{
	archiveVersion = 1;
	classes = {
	};
	objectVersion = 50;
	objects = {

/* Begin PBXBuildFile section */
		890B0C082193B8CF0018FA15 /* UINavigationController+extensons.swift in Sources */ = {isa = PBXBuildFile; fileRef = 890B0C072193B8CF0018FA15 /* UINavigationController+extensons.swift */; };
		8922E5C32141531200420A71 /* UIColor+extensions.swift in Sources */ = {isa = PBXBuildFile; fileRef = 8922E5C22141531200420A71 /* UIColor+extensions.swift */; };
		8922E5C52141662900420A71 /* UIImage+extension.swift in Sources */ = {isa = PBXBuildFile; fileRef = 8922E5C42141662900420A71 /* UIImage+extension.swift */; };
		89296B6E2133EBF400B6D1F3 /* MainFactory.swift in Sources */ = {isa = PBXBuildFile; fileRef = 89296B6D2133EBF400B6D1F3 /* MainFactory.swift */; };
		89296B702133EC0300B6D1F3 /* MainFlowController.swift in Sources */ = {isa = PBXBuildFile; fileRef = 89296B6F2133EC0300B6D1F3 /* MainFlowController.swift */; };
		89296B7B2133F78300B6D1F3 /* MainViewModel.swift in Sources */ = {isa = PBXBuildFile; fileRef = 89296B7A2133F78300B6D1F3 /* MainViewModel.swift */; };
		892F7F892139476D0003BE35 /* GridyIconButton.swift in Sources */ = {isa = PBXBuildFile; fileRef = 892F7F882139476D0003BE35 /* GridyIconButton.swift */; };
		892F7F8B213947830003BE35 /* GridyIconButton.xib in Resources */ = {isa = PBXBuildFile; fileRef = 892F7F8A213947830003BE35 /* GridyIconButton.xib */; };
		894516B721300D6600E472B2 /* AppDelegate.swift in Sources */ = {isa = PBXBuildFile; fileRef = 894516B621300D6600E472B2 /* AppDelegate.swift */; };
		894516B921300D6600E472B2 /* ViewController.swift in Sources */ = {isa = PBXBuildFile; fileRef = 894516B821300D6600E472B2 /* ViewController.swift */; };
		894516BC21300D6600E472B2 /* Main.storyboard in Resources */ = {isa = PBXBuildFile; fileRef = 894516BA21300D6600E472B2 /* Main.storyboard */; };
		894516BE21300D6A00E472B2 /* Assets.xcassets in Resources */ = {isa = PBXBuildFile; fileRef = 894516BD21300D6A00E472B2 /* Assets.xcassets */; };
		894516C121300D6A00E472B2 /* LaunchScreen.storyboard in Resources */ = {isa = PBXBuildFile; fileRef = 894516BF21300D6A00E472B2 /* LaunchScreen.storyboard */; };
		894516C921300EA000E472B2 /* timeburnernormal.ttf in Resources */ = {isa = PBXBuildFile; fileRef = 894516C821300EA000E472B2 /* timeburnernormal.ttf */; };
		894516D921301AC100E472B2 /* UIVew+extensions.swift in Sources */ = {isa = PBXBuildFile; fileRef = 894516D821301AC100E472B2 /* UIVew+extensions.swift */; };
		895E1638218B24B8005FAA18 /* UIButton+extensions.swift in Sources */ = {isa = PBXBuildFile; fileRef = 895E1637218B24B8005FAA18 /* UIButton+extensions.swift */; };
		895E163A218B49F4005FAA18 /* CGPoint+extensions.swift in Sources */ = {isa = PBXBuildFile; fileRef = 895E1639218B49F4005FAA18 /* CGPoint+extensions.swift */; };
		89A41EF221357EBA00357DCC /* GridyImageViewController.swift in Sources */ = {isa = PBXBuildFile; fileRef = 89A41EF121357EBA00357DCC /* GridyImageViewController.swift */; };
		89A41EF42135815E00357DCC /* GridyImageView.storyboard in Resources */ = {isa = PBXBuildFile; fileRef = 89A41EF32135815E00357DCC /* GridyImageView.storyboard */; };
		89D7ACE921749F1700AF1474 /* GamePlayCollectionView.swift in Sources */ = {isa = PBXBuildFile; fileRef = 89D7ACE821749F1700AF1474 /* GamePlayCollectionView.swift */; };
		89DC614A213D30DA00DB5937 /* ImageEditorFlowController.swift in Sources */ = {isa = PBXBuildFile; fileRef = 89DC6149213D30DA00DB5937 /* ImageEditorFlowController.swift */; };
		89DC614C213D30EF00DB5937 /* ImageEditorFactory.swift in Sources */ = {isa = PBXBuildFile; fileRef = 89DC614B213D30EF00DB5937 /* ImageEditorFactory.swift */; };
		89DC614E213D310900DB5937 /* ImageEditorViewModel.swift in Sources */ = {isa = PBXBuildFile; fileRef = 89DC614D213D310900DB5937 /* ImageEditorViewModel.swift */; };
		89DC6151213D313200DB5937 /* ImageEditor.storyboard in Resources */ = {isa = PBXBuildFile; fileRef = 89DC6150213D313200DB5937 /* ImageEditor.storyboard */; };
		89DC6153213D371600DB5937 /* ImageEditorViewController.swift in Sources */ = {isa = PBXBuildFile; fileRef = 89DC6152213D371600DB5937 /* ImageEditorViewController.swift */; };
		89DC6157213D3FEA00DB5937 /* GamePlayFlowController.swift in Sources */ = {isa = PBXBuildFile; fileRef = 89DC6156213D3FEA00DB5937 /* GamePlayFlowController.swift */; };
		89DC6159213D403B00DB5937 /* GamePlayFactory.swift in Sources */ = {isa = PBXBuildFile; fileRef = 89DC6158213D403B00DB5937 /* GamePlayFactory.swift */; };
		89DC615B213D404C00DB5937 /* GamePlayViewController.swift in Sources */ = {isa = PBXBuildFile; fileRef = 89DC615A213D404C00DB5937 /* GamePlayViewController.swift */; };
		89DC615D213D406900DB5937 /* GamePlayViewModel.swift in Sources */ = {isa = PBXBuildFile; fileRef = 89DC615C213D406900DB5937 /* GamePlayViewModel.swift */; };
		89DC615F213D407700DB5937 /* GamePlay.storyboard in Resources */ = {isa = PBXBuildFile; fileRef = 89DC615E213D407700DB5937 /* GamePlay.storyboard */; };
		89DC6163213D7E1100DB5937 /* Grid.swift in Sources */ = {isa = PBXBuildFile; fileRef = 89DC6162213D7E1100DB5937 /* Grid.swift */; };
		89EFC11121538E970010BBA0 /* GamePlayUICollectionViewCell.swift in Sources */ = {isa = PBXBuildFile; fileRef = 89EFC11021538E970010BBA0 /* GamePlayUICollectionViewCell.swift */; };
		89F4162E21809AD200C5CBDB /* magicWand in Resources */ = {isa = PBXBuildFile; fileRef = 89F4162D21809AD200C5CBDB /* magicWand */; };
/* End PBXBuildFile section */

/* Begin PBXFileReference section */
		890B0C072193B8CF0018FA15 /* UINavigationController+extensons.swift */ = {isa = PBXFileReference; lastKnownFileType = sourcecode.swift; path = "UINavigationController+extensons.swift"; sourceTree = "<group>"; };
		8922E5C22141531200420A71 /* UIColor+extensions.swift */ = {isa = PBXFileReference; lastKnownFileType = sourcecode.swift; path = "UIColor+extensions.swift"; sourceTree = "<group>"; };
		8922E5C42141662900420A71 /* UIImage+extension.swift */ = {isa = PBXFileReference; lastKnownFileType = sourcecode.swift; path = "UIImage+extension.swift"; sourceTree = "<group>"; };
		89296B6D2133EBF400B6D1F3 /* MainFactory.swift */ = {isa = PBXFileReference; lastKnownFileType = sourcecode.swift; path = MainFactory.swift; sourceTree = "<group>"; };
		89296B6F2133EC0300B6D1F3 /* MainFlowController.swift */ = {isa = PBXFileReference; lastKnownFileType = sourcecode.swift; path = MainFlowController.swift; sourceTree = "<group>"; };
		89296B7A2133F78300B6D1F3 /* MainViewModel.swift */ = {isa = PBXFileReference; lastKnownFileType = sourcecode.swift; path = MainViewModel.swift; sourceTree = "<group>"; };
		892F7F882139476D0003BE35 /* GridyIconButton.swift */ = {isa = PBXFileReference; lastKnownFileType = sourcecode.swift; path = GridyIconButton.swift; sourceTree = "<group>"; };
		892F7F8A213947830003BE35 /* GridyIconButton.xib */ = {isa = PBXFileReference; lastKnownFileType = file.xib; path = GridyIconButton.xib; sourceTree = "<group>"; };
		894516B321300D6600E472B2 /* Gridy.app */ = {isa = PBXFileReference; explicitFileType = wrapper.application; includeInIndex = 0; path = Gridy.app; sourceTree = BUILT_PRODUCTS_DIR; };
		894516B621300D6600E472B2 /* AppDelegate.swift */ = {isa = PBXFileReference; lastKnownFileType = sourcecode.swift; path = AppDelegate.swift; sourceTree = "<group>"; };
		894516B821300D6600E472B2 /* ViewController.swift */ = {isa = PBXFileReference; lastKnownFileType = sourcecode.swift; path = ViewController.swift; sourceTree = "<group>"; };
		894516BB21300D6600E472B2 /* Base */ = {isa = PBXFileReference; lastKnownFileType = file.storyboard; name = Base; path = Base.lproj/Main.storyboard; sourceTree = "<group>"; };
		894516BD21300D6A00E472B2 /* Assets.xcassets */ = {isa = PBXFileReference; lastKnownFileType = folder.assetcatalog; path = Assets.xcassets; sourceTree = "<group>"; };
		894516C021300D6A00E472B2 /* Base */ = {isa = PBXFileReference; lastKnownFileType = file.storyboard; name = Base; path = Base.lproj/LaunchScreen.storyboard; sourceTree = "<group>"; };
		894516C221300D6A00E472B2 /* Info.plist */ = {isa = PBXFileReference; lastKnownFileType = text.plist.xml; path = Info.plist; sourceTree = "<group>"; };
		894516C821300EA000E472B2 /* timeburnernormal.ttf */ = {isa = PBXFileReference; lastKnownFileType = file; path = timeburnernormal.ttf; sourceTree = "<group>"; };
		894516D821301AC100E472B2 /* UIVew+extensions.swift */ = {isa = PBXFileReference; lastKnownFileType = sourcecode.swift; path = "UIVew+extensions.swift"; sourceTree = "<group>"; };
		895E1637218B24B8005FAA18 /* UIButton+extensions.swift */ = {isa = PBXFileReference; lastKnownFileType = sourcecode.swift; path = "UIButton+extensions.swift"; sourceTree = "<group>"; };
		895E1639218B49F4005FAA18 /* CGPoint+extensions.swift */ = {isa = PBXFileReference; lastKnownFileType = sourcecode.swift; path = "CGPoint+extensions.swift"; sourceTree = "<group>"; };
		89A41EF121357EBA00357DCC /* GridyImageViewController.swift */ = {isa = PBXFileReference; lastKnownFileType = sourcecode.swift; path = GridyImageViewController.swift; sourceTree = "<group>"; };
		89A41EF32135815E00357DCC /* GridyImageView.storyboard */ = {isa = PBXFileReference; lastKnownFileType = file.storyboard; path = GridyImageView.storyboard; sourceTree = "<group>"; };
		89D7ACE821749F1700AF1474 /* GamePlayCollectionView.swift */ = {isa = PBXFileReference; lastKnownFileType = sourcecode.swift; path = GamePlayCollectionView.swift; sourceTree = "<group>"; };
		89DC6149213D30DA00DB5937 /* ImageEditorFlowController.swift */ = {isa = PBXFileReference; lastKnownFileType = sourcecode.swift; path = ImageEditorFlowController.swift; sourceTree = "<group>"; };
		89DC614B213D30EF00DB5937 /* ImageEditorFactory.swift */ = {isa = PBXFileReference; lastKnownFileType = sourcecode.swift; path = ImageEditorFactory.swift; sourceTree = "<group>"; };
		89DC614D213D310900DB5937 /* ImageEditorViewModel.swift */ = {isa = PBXFileReference; lastKnownFileType = sourcecode.swift; path = ImageEditorViewModel.swift; sourceTree = "<group>"; };
		89DC6150213D313200DB5937 /* ImageEditor.storyboard */ = {isa = PBXFileReference; lastKnownFileType = file.storyboard; path = ImageEditor.storyboard; sourceTree = "<group>"; };
		89DC6152213D371600DB5937 /* ImageEditorViewController.swift */ = {isa = PBXFileReference; lastKnownFileType = sourcecode.swift; path = ImageEditorViewController.swift; sourceTree = "<group>"; };
		89DC6156213D3FEA00DB5937 /* GamePlayFlowController.swift */ = {isa = PBXFileReference; lastKnownFileType = sourcecode.swift; path = GamePlayFlowController.swift; sourceTree = "<group>"; };
		89DC6158213D403B00DB5937 /* GamePlayFactory.swift */ = {isa = PBXFileReference; lastKnownFileType = sourcecode.swift; path = GamePlayFactory.swift; sourceTree = "<group>"; };
		89DC615A213D404C00DB5937 /* GamePlayViewController.swift */ = {isa = PBXFileReference; lastKnownFileType = sourcecode.swift; path = GamePlayViewController.swift; sourceTree = "<group>"; };
		89DC615C213D406900DB5937 /* GamePlayViewModel.swift */ = {isa = PBXFileReference; lastKnownFileType = sourcecode.swift; path = GamePlayViewModel.swift; sourceTree = "<group>"; };
		89DC615E213D407700DB5937 /* GamePlay.storyboard */ = {isa = PBXFileReference; lastKnownFileType = file.storyboard; path = GamePlay.storyboard; sourceTree = "<group>"; };
		89DC6162213D7E1100DB5937 /* Grid.swift */ = {isa = PBXFileReference; lastKnownFileType = sourcecode.swift; path = Grid.swift; sourceTree = "<group>"; };
		89EFC11021538E970010BBA0 /* GamePlayUICollectionViewCell.swift */ = {isa = PBXFileReference; lastKnownFileType = sourcecode.swift; path = GamePlayUICollectionViewCell.swift; sourceTree = "<group>"; };
		89F4162D21809AD200C5CBDB /* magicWand */ = {isa = PBXFileReference; lastKnownFileType = file; path = magicWand; sourceTree = "<group>"; };
/* End PBXFileReference section */

/* Begin PBXFrameworksBuildPhase section */
		894516B021300D6600E472B2 /* Frameworks */ = {
			isa = PBXFrameworksBuildPhase;
			buildActionMask = 2147483647;
			files = (
			);
			runOnlyForDeploymentPostprocessing = 0;
		};
/* End PBXFrameworksBuildPhase section */

/* Begin PBXGroup section */
		89296B6C2133EB9E00B6D1F3 /* Main Screen */ = {
			isa = PBXGroup;
			children = (
				894516CD213011C200E472B2 /* View Controller */,
				894516CA2130113700E472B2 /* View Model */,
				894516CF213011EE00E472B2 /* Flow Controller */,
				894516D0213011F200E472B2 /* Factory */,
			);
			path = "Main Screen";
			sourceTree = "<group>";
		};
		89296B712133F22A00B6D1F3 /* Image Editor */ = {
			isa = PBXGroup;
			children = (
				89DC6148213D30BA00DB5937 /* Factory */,
				89DC6147213D30B300DB5937 /* FlowController */,
				89296B782133F2D500B6D1F3 /* View Controller */,
				89296B772133F2C000B6D1F3 /* View Model */,
			);
			path = "Image Editor";
			sourceTree = "<group>";
		};
		89296B722133F26200B6D1F3 /* Game Play */ = {
			isa = PBXGroup;
			children = (
				89DC6155213D3FBA00DB5937 /* FlowController */,
				89DC6154213D3FB700DB5937 /* Factory */,
				89296B732133F27A00B6D1F3 /* View Controller */,
				89296B742133F28700B6D1F3 /* View Model */,
			);
			path = "Game Play";
			sourceTree = "<group>";
		};
		89296B732133F27A00B6D1F3 /* View Controller */ = {
			isa = PBXGroup;
			children = (
				89DC615A213D404C00DB5937 /* GamePlayViewController.swift */,
				89DC615E213D407700DB5937 /* GamePlay.storyboard */,
			);
			path = "View Controller";
			sourceTree = "<group>";
		};
		89296B742133F28700B6D1F3 /* View Model */ = {
			isa = PBXGroup;
			children = (
				89DC615C213D406900DB5937 /* GamePlayViewModel.swift */,
			);
			path = "View Model";
			sourceTree = "<group>";
		};
		89296B772133F2C000B6D1F3 /* View Model */ = {
			isa = PBXGroup;
			children = (
				89DC614D213D310900DB5937 /* ImageEditorViewModel.swift */,
			);
			path = "View Model";
			sourceTree = "<group>";
		};
		89296B782133F2D500B6D1F3 /* View Controller */ = {
			isa = PBXGroup;
			children = (
				89DC6150213D313200DB5937 /* ImageEditor.storyboard */,
				89DC6152213D371600DB5937 /* ImageEditorViewController.swift */,
			);
			path = "View Controller";
			sourceTree = "<group>";
		};
		894516AA21300D6600E472B2 = {
			isa = PBXGroup;
			children = (
				894516B521300D6600E472B2 /* Gridy */,
				894516B421300D6600E472B2 /* Products */,
			);
			sourceTree = "<group>";
		};
		894516B421300D6600E472B2 /* Products */ = {
			isa = PBXGroup;
			children = (
				894516B321300D6600E472B2 /* Gridy.app */,
			);
			name = Products;
			sourceTree = "<group>";
		};
		894516B521300D6600E472B2 /* Gridy */ = {
			isa = PBXGroup;
			children = (
				89F4162F21809E7800C5CBDB /* Audio Files */,
				89A41EEC21357DE600357DCC /* GridyImage */,
				894516CE213011CB00E472B2 /* Model */,
				89296B6C2133EB9E00B6D1F3 /* Main Screen */,
				89296B712133F22A00B6D1F3 /* Image Editor */,
				89296B722133F26200B6D1F3 /* Game Play */,
				894516D3213013C400E472B2 /* Extension */,
				894516DA21301BB900E472B2 /* Custom Views */,
				894516C821300EA000E472B2 /* timeburnernormal.ttf */,
				894516B621300D6600E472B2 /* AppDelegate.swift */,
				894516BD21300D6A00E472B2 /* Assets.xcassets */,
				894516BF21300D6A00E472B2 /* LaunchScreen.storyboard */,
				894516C221300D6A00E472B2 /* Info.plist */,
			);
			path = Gridy;
			sourceTree = "<group>";
		};
		894516CA2130113700E472B2 /* View Model */ = {
			isa = PBXGroup;
			children = (
				89296B7A2133F78300B6D1F3 /* MainViewModel.swift */,
			);
			path = "View Model";
			sourceTree = "<group>";
		};
		894516CD213011C200E472B2 /* View Controller */ = {
			isa = PBXGroup;
			children = (
				894516B821300D6600E472B2 /* ViewController.swift */,
				894516BA21300D6600E472B2 /* Main.storyboard */,
			);
			path = "View Controller";
			sourceTree = "<group>";
		};
		894516CE213011CB00E472B2 /* Model */ = {
			isa = PBXGroup;
			children = (
			);
			path = Model;
			sourceTree = "<group>";
		};
		894516CF213011EE00E472B2 /* Flow Controller */ = {
			isa = PBXGroup;
			children = (
				89296B6F2133EC0300B6D1F3 /* MainFlowController.swift */,
			);
			path = "Flow Controller";
			sourceTree = "<group>";
		};
		894516D0213011F200E472B2 /* Factory */ = {
			isa = PBXGroup;
			children = (
				89296B6D2133EBF400B6D1F3 /* MainFactory.swift */,
			);
			path = Factory;
			sourceTree = "<group>";
		};
		894516D3213013C400E472B2 /* Extension */ = {
			isa = PBXGroup;
			children = (
				894516D821301AC100E472B2 /* UIVew+extensions.swift */,
				890B0C072193B8CF0018FA15 /* UINavigationController+extensons.swift */,
				895E1639218B49F4005FAA18 /* CGPoint+extensions.swift */,
				895E1637218B24B8005FAA18 /* UIButton+extensions.swift */,
				8922E5C22141531200420A71 /* UIColor+extensions.swift */,
				8922E5C42141662900420A71 /* UIImage+extension.swift */,
			);
			path = Extension;
			sourceTree = "<group>";
		};
		894516DA21301BB900E472B2 /* Custom Views */ = {
			isa = PBXGroup;
			children = (
				892F7F882139476D0003BE35 /* GridyIconButton.swift */,
				892F7F8A213947830003BE35 /* GridyIconButton.xib */,
				89DC6162213D7E1100DB5937 /* Grid.swift */,
				89D7ACE821749F1700AF1474 /* GamePlayCollectionView.swift */,
				89EFC11021538E970010BBA0 /* GamePlayUICollectionViewCell.swift */,
			);
			path = "Custom Views";
			sourceTree = "<group>";
		};
		89A41EEC21357DE600357DCC /* GridyImage */ = {
			isa = PBXGroup;
			children = (
				89A41EF121357EBA00357DCC /* GridyImageViewController.swift */,
				89A41EF32135815E00357DCC /* GridyImageView.storyboard */,
			);
			path = GridyImage;
			sourceTree = "<group>";
		};
		89DC6147213D30B300DB5937 /* FlowController */ = {
			isa = PBXGroup;
			children = (
				89DC6149213D30DA00DB5937 /* ImageEditorFlowController.swift */,
			);
			path = FlowController;
			sourceTree = "<group>";
		};
		89DC6148213D30BA00DB5937 /* Factory */ = {
			isa = PBXGroup;
			children = (
				89DC614B213D30EF00DB5937 /* ImageEditorFactory.swift */,
			);
			path = Factory;
			sourceTree = "<group>";
		};
		89DC6154213D3FB700DB5937 /* Factory */ = {
			isa = PBXGroup;
			children = (
				89DC6158213D403B00DB5937 /* GamePlayFactory.swift */,
			);
			path = Factory;
			sourceTree = "<group>";
		};
		89DC6155213D3FBA00DB5937 /* FlowController */ = {
			isa = PBXGroup;
			children = (
				89DC6156213D3FEA00DB5937 /* GamePlayFlowController.swift */,
			);
			path = FlowController;
			sourceTree = "<group>";
		};
		89F4162F21809E7800C5CBDB /* Audio Files */ = {
			isa = PBXGroup;
			children = (
				89F4162D21809AD200C5CBDB /* magicWand */,
			);
			path = "Audio Files";
			sourceTree = "<group>";
		};
/* End PBXGroup section */

/* Begin PBXNativeTarget section */
		894516B221300D6600E472B2 /* Gridy */ = {
			isa = PBXNativeTarget;
			buildConfigurationList = 894516C521300D6A00E472B2 /* Build configuration list for PBXNativeTarget "Gridy" */;
			buildPhases = (
				894516AF21300D6600E472B2 /* Sources */,
				894516B021300D6600E472B2 /* Frameworks */,
				894516B121300D6600E472B2 /* Resources */,
			);
			buildRules = (
			);
			dependencies = (
			);
			name = Gridy;
			productName = Gridy;
			productReference = 894516B321300D6600E472B2 /* Gridy.app */;
			productType = "com.apple.product-type.application";
		};
/* End PBXNativeTarget section */

/* Begin PBXProject section */
		894516AB21300D6600E472B2 /* Project object */ = {
			isa = PBXProject;
			attributes = {
				LastSwiftUpdateCheck = 0940;
				LastUpgradeCheck = 0940;
				ORGANIZATIONNAME = "Carl Wainwright";
				TargetAttributes = {
					894516B221300D6600E472B2 = {
						CreatedOnToolsVersion = 9.4.1;
						LastSwiftMigration = 1000;
					};
				};
			};
			buildConfigurationList = 894516AE21300D6600E472B2 /* Build configuration list for PBXProject "Gridy" */;
			compatibilityVersion = "Xcode 9.3";
			developmentRegion = en;
			hasScannedForEncodings = 0;
			knownRegions = (
				en,
				Base,
			);
			mainGroup = 894516AA21300D6600E472B2;
			productRefGroup = 894516B421300D6600E472B2 /* Products */;
			projectDirPath = "";
			projectRoot = "";
			targets = (
				894516B221300D6600E472B2 /* Gridy */,
			);
		};
/* End PBXProject section */

/* Begin PBXResourcesBuildPhase section */
		894516B121300D6600E472B2 /* Resources */ = {
			isa = PBXResourcesBuildPhase;
			buildActionMask = 2147483647;
			files = (
				892F7F8B213947830003BE35 /* GridyIconButton.xib in Resources */,
				894516C121300D6A00E472B2 /* LaunchScreen.storyboard in Resources */,
				894516BE21300D6A00E472B2 /* Assets.xcassets in Resources */,
				89F4162E21809AD200C5CBDB /* magicWand in Resources */,
				89A41EF42135815E00357DCC /* GridyImageView.storyboard in Resources */,
				894516C921300EA000E472B2 /* timeburnernormal.ttf in Resources */,
				894516BC21300D6600E472B2 /* Main.storyboard in Resources */,
				89DC615F213D407700DB5937 /* GamePlay.storyboard in Resources */,
				89DC6151213D313200DB5937 /* ImageEditor.storyboard in Resources */,
			);
			runOnlyForDeploymentPostprocessing = 0;
		};
/* End PBXResourcesBuildPhase section */

/* Begin PBXSourcesBuildPhase section */
		894516AF21300D6600E472B2 /* Sources */ = {
			isa = PBXSourcesBuildPhase;
			buildActionMask = 2147483647;
			files = (
				89DC614E213D310900DB5937 /* ImageEditorViewModel.swift in Sources */,
				89DC614C213D30EF00DB5937 /* ImageEditorFactory.swift in Sources */,
				89DC6163213D7E1100DB5937 /* Grid.swift in Sources */,
				89DC6153213D371600DB5937 /* ImageEditorViewController.swift in Sources */,
				89296B702133EC0300B6D1F3 /* MainFlowController.swift in Sources */,
				890B0C082193B8CF0018FA15 /* UINavigationController+extensons.swift in Sources */,
				89DC615B213D404C00DB5937 /* GamePlayViewController.swift in Sources */,
				895E163A218B49F4005FAA18 /* CGPoint+extensions.swift in Sources */,
				89EFC11121538E970010BBA0 /* GamePlayUICollectionViewCell.swift in Sources */,
				89DC614A213D30DA00DB5937 /* ImageEditorFlowController.swift in Sources */,
				894516B921300D6600E472B2 /* ViewController.swift in Sources */,
				8922E5C52141662900420A71 /* UIImage+extension.swift in Sources */,
				894516D921301AC100E472B2 /* UIVew+extensions.swift in Sources */,
				89DC6159213D403B00DB5937 /* GamePlayFactory.swift in Sources */,
				89A41EF221357EBA00357DCC /* GridyImageViewController.swift in Sources */,
				895E1638218B24B8005FAA18 /* UIButton+extensions.swift in Sources */,
				8922E5C32141531200420A71 /* UIColor+extensions.swift in Sources */,
				894516B721300D6600E472B2 /* AppDelegate.swift in Sources */,
				89296B6E2133EBF400B6D1F3 /* MainFactory.swift in Sources */,
				89DC615D213D406900DB5937 /* GamePlayViewModel.swift in Sources */,
				89D7ACE921749F1700AF1474 /* GamePlayCollectionView.swift in Sources */,
				892F7F892139476D0003BE35 /* GridyIconButton.swift in Sources */,
				89DC6157213D3FEA00DB5937 /* GamePlayFlowController.swift in Sources */,
				89296B7B2133F78300B6D1F3 /* MainViewModel.swift in Sources */,
			);
			runOnlyForDeploymentPostprocessing = 0;
		};
/* End PBXSourcesBuildPhase section */

/* Begin PBXVariantGroup section */
		894516BA21300D6600E472B2 /* Main.storyboard */ = {
			isa = PBXVariantGroup;
			children = (
				894516BB21300D6600E472B2 /* Base */,
			);
			name = Main.storyboard;
			sourceTree = "<group>";
		};
		894516BF21300D6A00E472B2 /* LaunchScreen.storyboard */ = {
			isa = PBXVariantGroup;
			children = (
				894516C021300D6A00E472B2 /* Base */,
			);
			name = LaunchScreen.storyboard;
			sourceTree = "<group>";
		};
/* End PBXVariantGroup section */

/* Begin XCBuildConfiguration section */
		894516C321300D6A00E472B2 /* Debug */ = {
			isa = XCBuildConfiguration;
			buildSettings = {
				ALWAYS_SEARCH_USER_PATHS = NO;
				CLANG_ANALYZER_NONNULL = YES;
				CLANG_ANALYZER_NUMBER_OBJECT_CONVERSION = YES_AGGRESSIVE;
				CLANG_CXX_LANGUAGE_STANDARD = "gnu++14";
				CLANG_CXX_LIBRARY = "libc++";
				CLANG_ENABLE_MODULES = YES;
				CLANG_ENABLE_OBJC_ARC = YES;
				CLANG_ENABLE_OBJC_WEAK = YES;
				CLANG_WARN_BLOCK_CAPTURE_AUTORELEASING = YES;
				CLANG_WARN_BOOL_CONVERSION = YES;
				CLANG_WARN_COMMA = YES;
				CLANG_WARN_CONSTANT_CONVERSION = YES;
				CLANG_WARN_DEPRECATED_OBJC_IMPLEMENTATIONS = YES;
				CLANG_WARN_DIRECT_OBJC_ISA_USAGE = YES_ERROR;
				CLANG_WARN_DOCUMENTATION_COMMENTS = YES;
				CLANG_WARN_EMPTY_BODY = YES;
				CLANG_WARN_ENUM_CONVERSION = YES;
				CLANG_WARN_INFINITE_RECURSION = YES;
				CLANG_WARN_INT_CONVERSION = YES;
				CLANG_WARN_NON_LITERAL_NULL_CONVERSION = YES;
				CLANG_WARN_OBJC_IMPLICIT_RETAIN_SELF = YES;
				CLANG_WARN_OBJC_LITERAL_CONVERSION = YES;
				CLANG_WARN_OBJC_ROOT_CLASS = YES_ERROR;
				CLANG_WARN_RANGE_LOOP_ANALYSIS = YES;
				CLANG_WARN_STRICT_PROTOTYPES = YES;
				CLANG_WARN_SUSPICIOUS_MOVE = YES;
				CLANG_WARN_UNGUARDED_AVAILABILITY = YES_AGGRESSIVE;
				CLANG_WARN_UNREACHABLE_CODE = YES;
				CLANG_WARN__DUPLICATE_METHOD_MATCH = YES;
				CODE_SIGN_IDENTITY = "iPhone Developer";
				COPY_PHASE_STRIP = NO;
				DEBUG_INFORMATION_FORMAT = dwarf;
				ENABLE_STRICT_OBJC_MSGSEND = YES;
				ENABLE_TESTABILITY = YES;
				GCC_C_LANGUAGE_STANDARD = gnu11;
				GCC_DYNAMIC_NO_PIC = NO;
				GCC_NO_COMMON_BLOCKS = YES;
				GCC_OPTIMIZATION_LEVEL = 0;
				GCC_PREPROCESSOR_DEFINITIONS = (
					"DEBUG=1",
					"$(inherited)",
				);
				GCC_WARN_64_TO_32_BIT_CONVERSION = YES;
				GCC_WARN_ABOUT_RETURN_TYPE = YES_ERROR;
				GCC_WARN_UNDECLARED_SELECTOR = YES;
				GCC_WARN_UNINITIALIZED_AUTOS = YES_AGGRESSIVE;
				GCC_WARN_UNUSED_FUNCTION = YES;
				GCC_WARN_UNUSED_VARIABLE = YES;
				IPHONEOS_DEPLOYMENT_TARGET = 11.4;
				MTL_ENABLE_DEBUG_INFO = YES;
				ONLY_ACTIVE_ARCH = YES;
				SDKROOT = iphoneos;
				SWIFT_ACTIVE_COMPILATION_CONDITIONS = DEBUG;
				SWIFT_OPTIMIZATION_LEVEL = "-Onone";
			};
			name = Debug;
		};
		894516C421300D6A00E472B2 /* Release */ = {
			isa = XCBuildConfiguration;
			buildSettings = {
				ALWAYS_SEARCH_USER_PATHS = NO;
				CLANG_ANALYZER_NONNULL = YES;
				CLANG_ANALYZER_NUMBER_OBJECT_CONVERSION = YES_AGGRESSIVE;
				CLANG_CXX_LANGUAGE_STANDARD = "gnu++14";
				CLANG_CXX_LIBRARY = "libc++";
				CLANG_ENABLE_MODULES = YES;
				CLANG_ENABLE_OBJC_ARC = YES;
				CLANG_ENABLE_OBJC_WEAK = YES;
				CLANG_WARN_BLOCK_CAPTURE_AUTORELEASING = YES;
				CLANG_WARN_BOOL_CONVERSION = YES;
				CLANG_WARN_COMMA = YES;
				CLANG_WARN_CONSTANT_CONVERSION = YES;
				CLANG_WARN_DEPRECATED_OBJC_IMPLEMENTATIONS = YES;
				CLANG_WARN_DIRECT_OBJC_ISA_USAGE = YES_ERROR;
				CLANG_WARN_DOCUMENTATION_COMMENTS = YES;
				CLANG_WARN_EMPTY_BODY = YES;
				CLANG_WARN_ENUM_CONVERSION = YES;
				CLANG_WARN_INFINITE_RECURSION = YES;
				CLANG_WARN_INT_CONVERSION = YES;
				CLANG_WARN_NON_LITERAL_NULL_CONVERSION = YES;
				CLANG_WARN_OBJC_IMPLICIT_RETAIN_SELF = YES;
				CLANG_WARN_OBJC_LITERAL_CONVERSION = YES;
				CLANG_WARN_OBJC_ROOT_CLASS = YES_ERROR;
				CLANG_WARN_RANGE_LOOP_ANALYSIS = YES;
				CLANG_WARN_STRICT_PROTOTYPES = YES;
				CLANG_WARN_SUSPICIOUS_MOVE = YES;
				CLANG_WARN_UNGUARDED_AVAILABILITY = YES_AGGRESSIVE;
				CLANG_WARN_UNREACHABLE_CODE = YES;
				CLANG_WARN__DUPLICATE_METHOD_MATCH = YES;
				CODE_SIGN_IDENTITY = "iPhone Developer";
				COPY_PHASE_STRIP = NO;
				DEBUG_INFORMATION_FORMAT = "dwarf-with-dsym";
				ENABLE_NS_ASSERTIONS = NO;
				ENABLE_STRICT_OBJC_MSGSEND = YES;
				GCC_C_LANGUAGE_STANDARD = gnu11;
				GCC_NO_COMMON_BLOCKS = YES;
				GCC_WARN_64_TO_32_BIT_CONVERSION = YES;
				GCC_WARN_ABOUT_RETURN_TYPE = YES_ERROR;
				GCC_WARN_UNDECLARED_SELECTOR = YES;
				GCC_WARN_UNINITIALIZED_AUTOS = YES_AGGRESSIVE;
				GCC_WARN_UNUSED_FUNCTION = YES;
				GCC_WARN_UNUSED_VARIABLE = YES;
				IPHONEOS_DEPLOYMENT_TARGET = 11.4;
				MTL_ENABLE_DEBUG_INFO = NO;
				SDKROOT = iphoneos;
				SWIFT_COMPILATION_MODE = wholemodule;
				SWIFT_OPTIMIZATION_LEVEL = "-O";
				VALIDATE_PRODUCT = YES;
			};
			name = Release;
		};
		894516C621300D6A00E472B2 /* Debug */ = {
			isa = XCBuildConfiguration;
			buildSettings = {
				ASSETCATALOG_COMPILER_APPICON_NAME = AppIcon;
				CODE_SIGN_STYLE = Automatic;
				DEVELOPMENT_TEAM = 2428X38UTQ;
				INFOPLIST_FILE = Gridy/Info.plist;
				LD_RUNPATH_SEARCH_PATHS = (
					"$(inherited)",
					"@executable_path/Frameworks",
				);
				PRODUCT_BUNDLE_IDENTIFIER = com.carlwainwright.Gridy;
				PRODUCT_NAME = "$(TARGET_NAME)";
				SWIFT_VERSION = 4.2;
				TARGETED_DEVICE_FAMILY = "1,2";
			};
			name = Debug;
		};
		894516C721300D6A00E472B2 /* Release */ = {
			isa = XCBuildConfiguration;
			buildSettings = {
				ASSETCATALOG_COMPILER_APPICON_NAME = AppIcon;
				CODE_SIGN_STYLE = Automatic;
				DEVELOPMENT_TEAM = 2428X38UTQ;
				INFOPLIST_FILE = Gridy/Info.plist;
				LD_RUNPATH_SEARCH_PATHS = (
					"$(inherited)",
					"@executable_path/Frameworks",
				);
				PRODUCT_BUNDLE_IDENTIFIER = com.carlwainwright.Gridy;
				PRODUCT_NAME = "$(TARGET_NAME)";
				SWIFT_VERSION = 4.2;
				TARGETED_DEVICE_FAMILY = "1,2";
			};
			name = Release;
		};
/* End XCBuildConfiguration section */

/* Begin XCConfigurationList section */
		894516AE21300D6600E472B2 /* Build configuration list for PBXProject "Gridy" */ = {
			isa = XCConfigurationList;
			buildConfigurations = (
				894516C321300D6A00E472B2 /* Debug */,
				894516C421300D6A00E472B2 /* Release */,
			);
			defaultConfigurationIsVisible = 0;
			defaultConfigurationName = Release;
		};
		894516C521300D6A00E472B2 /* Build configuration list for PBXNativeTarget "Gridy" */ = {
			isa = XCConfigurationList;
			buildConfigurations = (
				894516C621300D6A00E472B2 /* Debug */,
				894516C721300D6A00E472B2 /* Release */,
			);
			defaultConfigurationIsVisible = 0;
			defaultConfigurationName = Release;
		};
/* End XCConfigurationList section */
	};
	rootObject = 894516AB21300D6600E472B2 /* Project object */;
}
